
Microsoft Visual Studio Solution File, Format Version 12.00
# Visual Studio Version 17
VisualStudioVersion = 17.14.36301.6 d17.14
MinimumVisualStudioVersion = 10.0.40219.1
Project("{FAE04EC0-301F-11D3-BF4B-00C04F79EFBC}") = "Monogame 2 - Lists and Loops", "Project1\Monogame 2 - Lists and Loops.csproj", "{EB956F84-475B-452E-9F2E-A83FD51D3731}"
EndProject
Global
	GlobalSection(SolutionConfigurationPlatforms) = preSolution
		Debug|Any CPU = Debug|Any CPU
		Release|Any CPU = Release|Any CPU
	EndGlobalSection
	GlobalSection(ProjectConfigurationPlatforms) = postSolution
		{EB956F84-475B-452E-9F2E-A83FD51D3731}.Debug|Any CPU.ActiveCfg = Debug|Any CPU
		{EB956F84-475B-452E-9F2E-A83FD51D3731}.Debug|Any CPU.Build.0 = Debug|Any CPU
		{EB956F84-475B-452E-9F2E-A83FD51D3731}.Release|Any CPU.ActiveCfg = Release|Any CPU
		{EB956F84-475B-452E-9F2E-A83FD51D3731}.Release|Any CPU.Build.0 = Release|Any CPU
	EndGlobalSection
	GlobalSection(SolutionProperties) = preSolution
		HideSolutionNode = FALSE
	EndGlobalSection
	GlobalSection(ExtensibilityGlobals) = postSolution
		SolutionGuid = {078BC021-CBAD-4C37-90B6-2BB4BB7AD675}
	EndGlobalSection
EndGlobal
